
Microsoft Visual Studio Solution File, Format Version 12.00
# Visual Studio Version 17
VisualStudioVersion = 17.6.33606.364
MinimumVisualStudioVersion = 10.0.40219.1
Project("{FAE04EC0-301F-11D3-BF4B-00C04F79EFBC}") = "YASRLClient", "YASRLClient\YASRLClient.csproj", "{77E2D9AC-6006-4EFD-9BB3-21754D40CF98}"
	ProjectSection(ProjectDependencies) = postProject
		{119B9CAA-0F98-417A-BFE1-53A3E02D66F2} = {119B9CAA-0F98-417A-BFE1-53A3E02D66F2}
	EndProjectSection
EndProject
Project("{9A19103F-16F7-4668-BE54-9A1E7A4F7556}") = "YASRL", "YASRL\YASRL.csproj", "{119B9CAA-0F98-417A-BFE1-53A3E02D66F2}"
EndProject
Project("{FAE04EC0-301F-11D3-BF4B-00C04F79EFBC}") = "YASRLServer", "YASRLServer\YASRLServer.csproj", "{C95BBCBE-79CB-4C54-9486-86803A4C5C83}"
EndProject
Global
	GlobalSection(SolutionConfigurationPlatforms) = preSolution
		Debug|Any CPU = Debug|Any CPU
		Release|Any CPU = Release|Any CPU
	EndGlobalSection
	GlobalSection(ProjectConfigurationPlatforms) = postSolution
		{77E2D9AC-6006-4EFD-9BB3-21754D40CF98}.Debug|Any CPU.ActiveCfg = Debug|Any CPU
		{77E2D9AC-6006-4EFD-9BB3-21754D40CF98}.Debug|Any CPU.Build.0 = Debug|Any CPU
		{77E2D9AC-6006-4EFD-9BB3-21754D40CF98}.Release|Any CPU.ActiveCfg = Release|Any CPU
		{77E2D9AC-6006-4EFD-9BB3-21754D40CF98}.Release|Any CPU.Build.0 = Release|Any CPU
		{119B9CAA-0F98-417A-BFE1-53A3E02D66F2}.Debug|Any CPU.ActiveCfg = Debug|Any CPU
		{119B9CAA-0F98-417A-BFE1-53A3E02D66F2}.Debug|Any CPU.Build.0 = Debug|Any CPU
		{119B9CAA-0F98-417A-BFE1-53A3E02D66F2}.Release|Any CPU.ActiveCfg = Release|Any CPU
		{119B9CAA-0F98-417A-BFE1-53A3E02D66F2}.Release|Any CPU.Build.0 = Release|Any CPU
		{C95BBCBE-79CB-4C54-9486-86803A4C5C83}.Debug|Any CPU.ActiveCfg = Debug|Any CPU
		{C95BBCBE-79CB-4C54-9486-86803A4C5C83}.Debug|Any CPU.Build.0 = Debug|Any CPU
		{C95BBCBE-79CB-4C54-9486-86803A4C5C83}.Release|Any CPU.ActiveCfg = Release|Any CPU
		{C95BBCBE-79CB-4C54-9486-86803A4C5C83}.Release|Any CPU.Build.0 = Release|Any CPU
	EndGlobalSection
	GlobalSection(SolutionProperties) = preSolution
		HideSolutionNode = FALSE
	EndGlobalSection
	GlobalSection(ExtensibilityGlobals) = postSolution
		SolutionGuid = {DB590472-8ADD-4E2F-98AF-1BC7E9962325}
	EndGlobalSection
EndGlobal
